# This file is automatically @generated by Cargo.
# It is not intended for manual editing.
version = 4

[[package]]
name = "ymp-cli"
version = "0.1.0"
dependencies = [
 "ymp-runtime",
 "ymp-storage",
 "ymp-tui",
]

[[package]]
name = "ymp-domain"
version = "0.1.0"

[[package]]
name = "ymp-kernel"
version = "0.1.0"
dependencies = [
 "ymp-domain",
]

[[package]]
name = "ymp-runtime"
version = "0.1.0"
dependencies = [
 "ymp-domain",
 "ymp-kernel",
]

[[package]]
name = "ymp-storage"
version = "0.1.0"
dependencies = [
 "ymp-domain",
 "ymp-kernel",
]

[[package]]
name = "ymp-tui"
version = "0.1.0"
dependencies = [
 "ymp-runtime",
]
